# THIS IS AN AUTOGENERATED FILE. DO NOT EDIT THIS FILE DIRECTLY.
# yarn lockfile v1


sql.js@^1.8.0:
  version "1.8.0"
  resolved "https://registry.npmjs.org/sql.js/-/sql.js-1.8.0.tgz#cb45d957e17a2239662fe2f614c9b678990867a6"
  integrity sha512-3HD8pSkZL+5YvYUI8nlvNILs61ALqq34xgmF+BHpqxe68yZIJ1H+sIVIODvni25+CcxHUxDyrTJUL0lE/m7afw==
